
Microsoft Visual Studio Solution File, Format Version 12.00
# Visual Studio Version 16
VisualStudioVersion = 16.0.810.19
MinimumVisualStudioVersion = 10.0.40219.1
Project("{FAE04EC0-301F-11D3-BF4B-00C04F79EFBC}") = "h-w", "h-w\h-w.csproj", "{BAFF9A19-929C-419C-9EE2-EB80116EFAD6}"
EndProject
Global
	GlobalSection(SolutionConfigurationPlatforms) = preSolution
		Debug|Any CPU = Debug|Any CPU
		Release|Any CPU = Release|Any CPU
	EndGlobalSection
	GlobalSection(ProjectConfigurationPlatforms) = postSolution
		{BAFF9A19-929C-419C-9EE2-EB80116EFAD6}.Debug|Any CPU.ActiveCfg = Debug|Any CPU
		{BAFF9A19-929C-419C-9EE2-EB80116EFAD6}.Debug|Any CPU.Build.0 = Debug|Any CPU
		{BAFF9A19-929C-419C-9EE2-EB80116EFAD6}.Release|Any CPU.ActiveCfg = Release|Any CPU
		{BAFF9A19-929C-419C-9EE2-EB80116EFAD6}.Release|Any CPU.Build.0 = Release|Any CPU
	EndGlobalSection
	GlobalSection(SolutionProperties) = preSolution
		HideSolutionNode = FALSE
	EndGlobalSection
	GlobalSection(ExtensibilityGlobals) = postSolution
		SolutionGuid = {79A37103-C698-4B9F-A331-0F33737E2F57}
	EndGlobalSection
EndGlobal
